
Microsoft Visual Studio Solution File, Format Version 12.00
# Visual Studio 2012
Project("{FAE04EC0-301F-11D3-BF4B-00C04F79EFBC}") = "ConsoleApplication5", "ConsoleApplication5\ConsoleApplication5.csproj", "{21CA7BB1-8B4D-4329-8967-7E1268398068}"
EndProject
Global
	GlobalSection(SolutionConfigurationPlatforms) = preSolution
		Debug|Any CPU = Debug|Any CPU
		Release|Any CPU = Release|Any CPU
	EndGlobalSection
	GlobalSection(ProjectConfigurationPlatforms) = postSolution
		{21CA7BB1-8B4D-4329-8967-7E1268398068}.Debug|Any CPU.ActiveCfg = Debug|Any CPU
		{21CA7BB1-8B4D-4329-8967-7E1268398068}.Debug|Any CPU.Build.0 = Debug|Any CPU
		{21CA7BB1-8B4D-4329-8967-7E1268398068}.Release|Any CPU.ActiveCfg = Release|Any CPU
		{21CA7BB1-8B4D-4329-8967-7E1268398068}.Release|Any CPU.Build.0 = Release|Any CPU
	EndGlobalSection
	GlobalSection(SolutionProperties) = preSolution
		HideSolutionNode = FALSE
	EndGlobalSection
EndGlobal
